
Microsoft Visual Studio Solution File, Format Version 12.00
# Visual Studio Version 17
VisualStudioVersion = 17.3.32929.385
MinimumVisualStudioVersion = 10.0.40219.1
Project("{FAE04EC0-301F-11D3-BF4B-00C04F79EFBC}") = "EncryptedRandomCode", "EncryptedRandomCode.csproj", "{A73D046C-3257-40BC-AED3-F9B771B186C1}"
EndProject
Project("{FAE04EC0-301F-11D3-BF4B-00C04F79EFBC}") = "ParsingJsonFile", "..\ParsingJsonFile\ParsingJsonFile.csproj", "{46D24530-1438-4757-98E1-3D979B5EDEDD}"
EndProject
Global
	GlobalSection(SolutionConfigurationPlatforms) = preSolution
		Debug|Any CPU = Debug|Any CPU
		Release|Any CPU = Release|Any CPU
	EndGlobalSection
	GlobalSection(ProjectConfigurationPlatforms) = postSolution
		{A73D046C-3257-40BC-AED3-F9B771B186C1}.Debug|Any CPU.ActiveCfg = Debug|Any CPU
		{A73D046C-3257-40BC-AED3-F9B771B186C1}.Debug|Any CPU.Build.0 = Debug|Any CPU
		{A73D046C-3257-40BC-AED3-F9B771B186C1}.Release|Any CPU.ActiveCfg = Release|Any CPU
		{A73D046C-3257-40BC-AED3-F9B771B186C1}.Release|Any CPU.Build.0 = Release|Any CPU
		{46D24530-1438-4757-98E1-3D979B5EDEDD}.Debug|Any CPU.ActiveCfg = Debug|Any CPU
		{46D24530-1438-4757-98E1-3D979B5EDEDD}.Debug|Any CPU.Build.0 = Debug|Any CPU
		{46D24530-1438-4757-98E1-3D979B5EDEDD}.Release|Any CPU.ActiveCfg = Release|Any CPU
		{46D24530-1438-4757-98E1-3D979B5EDEDD}.Release|Any CPU.Build.0 = Release|Any CPU
	EndGlobalSection
	GlobalSection(SolutionProperties) = preSolution
		HideSolutionNode = FALSE
	EndGlobalSection
	GlobalSection(ExtensibilityGlobals) = postSolution
		SolutionGuid = {14F911D8-BA7A-4DEE-A0EE-A5260EB21B94}
	EndGlobalSection
EndGlobal
